github.com/BurntSushi/toml v0.3.1 h1:WXkYYl6Yr3qBf1K79EBnL4mak0OimBfB0XUf9Vl28OQ=
github.com/BurntSushi/toml v0.3.1/go.mod h1:xHWCNGjB5oqiDr8zfno3MHue2Ht5sIBksp03qcyfWMU=
github.com/Oringik/nyan404-libs v0.0.0-20200821145051-052361ea8ebf h1:Q8t8sfKjVDzplNm/qbma/6cU+ny0qgPtX+go0Qn1eHg=
github.com/Oringik/nyan404-libs v0.0.0-20200821145051-052361ea8ebf/go.mod h1:/OMKI/Ngd29IjViQFYI3sYhnDcd7W6O1hOj4HOO9dC8=
github.com/Oringik/nyan404-libs v0.0.0-20200821160258-3c6611f8b6cd h1:ROVNFdTvf6FCqlGQC42sHx7bYXNGbTHv5toxaFn69OI=
github.com/Oringik/nyan404-libs v0.0.0-20200821173136-139c71f27aad h1:fYPKYmKEfGbrLkKkrHStF5Fo3vVE4/tW1ZRlPWJFZKY=
github.com/Oringik/nyan404-libs v0.0.0-20200821180007-d1fb986e6dc2 h1:deuliQRLwN9bx5Jwv4KaY2axzP6C9HzJUryufxtb644=
github.com/Oringik/nyan404-libs v0.0.0-20200821182729-1f2b69ff3867 h1:2E6wySiWxFqB16c5GZko6JS3olc2gspbR9/OqLmyVIw=
github.com/Oringik/nyan404-libs v0.0.0-20200821184029-04ad4c6128e8 h1:K4LA5jJAuH75LevlCBVVXrYn7v0mHeSANuJpNIYO12M=
github.com/Oringik/nyan404-libs v0.0.0-20200821184029-04ad4c6128e8/go.mod h1:7jtkgrYPvGcDM4sQV0sS+iI5SCK8mpNZa+XL8Ny69pI=
github.com/Oringik/nyan404-libs v0.0.0-20200821192845-afa5053f7a49 h1:46xs3beopull/+8hUFvm57nxcOvkDJ3ngdDJpIkYwEk=
github.com/Oringik/nyan404-libs v0.0.0-20200821201950-4ad8ddd6cac5 h1:7P7WfFXPfgDZ3FlHZAnnqvrUFBwJnuqxQmpAxhjAJPo=
github.com/Oringik/nyan404-libs v0.0.0-20200821201950-4ad8ddd6cac5/go.mod h1:7jtkgrYPvGcDM4sQV0sS+iI5SCK8mpNZa+XL8Ny69pI=
github.com/Oringik/nyan404-libs v0.0.0-20200821213929-6683ae35b52a h1:emvQDQ/9VLD9TO/7LJbk+AtvBe3Be6jRal8fZejnh4U=
github.com/Oringik/nyan404-libs v0.0.0-20200821213929-6683ae35b52a/go.mod h1:7jtkgrYPvGcDM4sQV0sS+iI5SCK8mpNZa+XL8Ny69pI=
github.com/Oringik/nyan404-libs v0.0.0-20200821222752-0b94d198511e h1:6iBkxdKDruB/2bL4zea5BU/OnGXM58zsZoy3E1mYUfQ=
github.com/Oringik/nyan404-libs v0.0.0-20200821222752-0b94d198511e/go.mod h1:7jtkgrYPvGcDM4sQV0sS+iI5SCK8mpNZa+XL8Ny69pI=
github.com/Oringik/nyan404-libs v0.0.0-20200822080042-e0894dd50cd2 h1:8fDLuE+uhrpD5jU0sxPbg0RnID8kX3xN0UcTlDcF2oA=
github.com/Oringik/nyan404-libs v0.0.0-20200822080042-e0894dd50cd2/go.mod h1:7jtkgrYPvGcDM4sQV0sS+iI5SCK8mpNZa+XL8Ny69pI=
github.com/Oringik/nyan404-libs v0.0.0-20200822081608-42ef9aee4e57 h1:zNgY5S28PscoxcsNBB6issaO1uDZbbdYHg4P/4cEMl8=
github.com/Oringik/nyan404-libs v0.0.0-20200822081608-42ef9aee4e57/go.mod h1:7jtkgrYPvGcDM4sQV0sS+iI5SCK8mpNZa+XL8Ny69pI=
github.com/Oringik/nyan404-libs v0.0.0-20200822091019-9de27e3e681d h1:ZlCCWlJtmrLnqGF7SJj6ZjmgDuDCuNO9KuEgQljOOw4=
github.com/Oringik/nyan404-libs v0.0.0-20200822091019-9de27e3e681d/go.mod h1:7jtkgrYPvGcDM4sQV0sS+iI5SCK8mpNZa+XL8Ny69pI=
github.com/Oringik/nyan404-libs v0.0.0-20200822095116-ba05bbc62a0f h1:rMYV9rggxcRlt3MDG5u8rQfQYGek/NjnubbGhke9GhE=
github.com/Oringik/nyan404-libs v0.0.0-20200822095116-ba05bbc62a0f/go.mod h1:7jtkgrYPvGcDM4sQV0sS+iI5SCK8mpNZa+XL8Ny69pI=
github.com/Oringik/nyan404-libs v0.0.0-20200822140833-155bc67bcd8e h1:ezEwcESprv3lnHy7/CpgeOmTHK8xynukRjkdmwAfA30=
github.com/Oringik/nyan404-libs v0.0.0-20200822140833-155bc67bcd8e/go.mod h1:7jtkgrYPvGcDM4sQV0sS+iI5SCK8mpNZa+XL8Ny69pI=
github.com/Oringik/nyan404-libs v0.0.0-20200822141701-659a8b84ab45 h1:zMvXc8fj/SsqOmXqFM5fu+pnQHLWQ22YfhqP/de4UgQ=
github.com/Oringik/nyan404-libs v0.0.0-20200822141701-659a8b84ab45/go.mod h1:7jtkgrYPvGcDM4sQV0sS+iI5SCK8mpNZa+XL8Ny69pI=
github.com/Oringik/nyan404-libs v0.0.0-20200822150010-e2bed66a2828 h1:XHJ1yi0e5FvqG4aUTuwtGr4joPvyeuM+SwhecZfveCI=
github.com/Oringik/nyan404-libs v0.0.0-20200822150010-e2bed66a2828/go.mod h1:7jtkgrYPvGcDM4sQV0sS+iI5SCK8mpNZa+XL8Ny69pI=
github.com/asaskevich/govalidator v0.0.0-20200428143746-21a406dcc535 h1:4daAzAu0S6Vi7/lbWECcX0j45yZReDZ56BQsrVBOEEY=
github.com/asaskevich/govalidator v0.0.0-20200428143746-21a406dcc535/go.mod h1:oGkLhpf+kjZl6xBf758TQhh5XrAeiJv/7FRz/2spLIg=
github.com/asaskevich/govalidator v0.0.0-20200819183940-29e1ff8eb0bb h1:kvlW1qyM1aU3xeyeIVTU2jx5fSvjKpsU3aXvuaCMg3Q=
github.com/asaskevich/govalidator v0.0.0-20200819183940-29e1ff8eb0bb/go.mod h1:WaHUgvxTVq04UNunO+XhnAqY/wQc+bxr74GqbsZ/Jqw=
github.com/cosiner/argv v0.1.0/go.mod h1:EusR6TucWKX+zFgtdUsKT2Cvg45K5rtpCcWz4hK06d8=
github.com/cpuguy83/go-md2man v1.0.10/go.mod h1:SmD6nW6nTyfqj6ABTjUi3V3JVMnlJmwcJI5acqYI6dE=
github.com/creack/pty v1.1.9/go.mod h1:oKZEueFk5CKHvIhNR5MUki03XCEU+Q6VDXinZuGJ33E=
github.com/davecgh/go-spew v1.1.0 h1:ZDRjVQ15GmhC3fiQ8ni8+OwkZQO4DARzQgrnXU1Liz8=
github.com/davecgh/go-spew v1.1.0/go.mod h1:J7Y8YcW2NihsgmVo/mv3lAwl/skON4iLHjSsI+c5H38=
github.com/davecgh/go-spew v1.1.1 h1:vj9j/u1bqnvCEfJOwUhtlOARqs3+rkHYY13jYWTU97c=
github.com/davecgh/go-spew v1.1.1/go.mod h1:J7Y8YcW2NihsgmVo/mv3lAwl/skON4iLHjSsI+c5H38=
github.com/go-delve/delve v1.5.0/go.mod h1:c6b3a1Gry6x8a4LGCe/CWzrocrfaHvkUxCj3k4bvSUQ=
github.com/go-ozzo/ozzo-validation v3.6.0+incompatible h1:msy24VGS42fKO9K1vLz82/GeYW1cILu7Nuuj1N3BBkE=
github.com/go-ozzo/ozzo-validation v3.6.0+incompatible/go.mod h1:gsEKFIVnabGBt6mXmxK0MoFy+cZoTJY6mu5Ll3LVLBU=
github.com/go-sql-driver/mysql v1.4.0 h1:7LxgVwFb2hIQtMm87NdgAVfXjnt4OePseqT1tKx+opk=
github.com/go-sql-driver/mysql v1.4.0/go.mod h1:zAC/RDZ24gD3HViQzih4MyKcchzm+sOG5ZlKdlhCg5w=
github.com/golang/protobuf v1.3.1/go.mod h1:6lQm79b+lXiMfvg/cZm0SGofjICqVBUtrP5yJMmIC1U=
github.com/google/go-dap v0.2.0/go.mod h1:5q8aYQFnHOAZEMP+6vmq25HKYAEwE+LF5yh7JKrrhSQ=
github.com/gorilla/handlers v1.4.2 h1:0QniY0USkHQ1RGCLfKxeNHK9bkDHGRYGNDFBCS+YARg=
github.com/gorilla/handlers v1.4.2/go.mod h1:Qkdc/uu4tH4g6mTK6auzZ766c4CA0Ng8+o/OAirnOIQ=
github.com/gorilla/mux v1.7.4 h1:VuZ8uybHlWmqV03+zRzdwKL4tUnIp1MAQtp1mIFE1bc=
github.com/gorilla/mux v1.7.4/go.mod h1:DVbg23sWSpFRCP0SfiEN6jmj59UnW/n46BH5rLB71So=
github.com/gorilla/securecookie v1.1.1 h1:miw7JPhV+b/lAHSXz4qd/nN9jRiAFV5FwjeKyCS8BvQ=
github.com/gorilla/securecookie v1.1.1/go.mod h1:ra0sb63/xPlUeL+yeDciTfxMRAA+MP+HVt/4epWDjd4=
github.com/gorilla/sessions v1.2.0 h1:S7P+1Hm5V/AT9cjEcUD5uDaQSX0OE577aCXgoaKpYbQ=
github.com/gorilla/sessions v1.2.0/go.mod h1:dk2InVEVJ0sfLlnXv9EAgkf6ecYs/i80K/zI+bUmuGM=
github.com/gorilla/websocket v1.4.2 h1:+/TMaTYc4QFitKJxsQ7Yye35DkWvkdLcvGKqM+x0Ufc=
github.com/gorilla/websocket v1.4.2/go.mod h1:YR8l580nyteQvAITg2hZ9XVh4b55+EU/adAjf1fMHhE=
github.com/hashicorp/golang-lru v0.5.4/go.mod h1:iADmTwqILo4mZ8BN3D2Q6+9jd8WM5uGBxy+E8yxSoD4=
github.com/inconshreveable/mousetrap v1.0.0/go.mod h1:PxqpIevigyE2G7u3NXJIT2ANytuPF1OarO4DADm73n8=
github.com/jmoiron/sqlx v1.2.0 h1:41Ip0zITnmWNR/vHV+S4m+VoUivnWY5E4OJfLZjCJMA=
github.com/jmoiron/sqlx v1.2.0/go.mod h1:1FEQNm3xlJgrMD+FBdI9+xvCksHtbpVBBw5dYhBSsks=
github.com/konsorten/go-windows-terminal-sequences v1.0.3 h1:CE8S1cTafDpPvMhIxNJKvHsGVBgn1xWYf1NbHQhywc8=
github.com/konsorten/go-windows-terminal-sequences v1.0.3/go.mod h1:T0+1ngSBFLxvqU3pZ+m/2kptfBszLMUkC4ZK/EgS/cQ=
github.com/lib/pq v1.0.0/go.mod h1:5WUZQaWbwv1U+lTReE5YruASi9Al49XbQIvNi/34Woo=
github.com/lib/pq v1.5.2 h1:yTSXVswvWUOQ3k1sd7vJfDrbSl8lKuscqFJRqjC0ifw=
github.com/lib/pq v1.5.2/go.mod h1:5WUZQaWbwv1U+lTReE5YruASi9Al49XbQIvNi/34Woo=
github.com/mattn/go-colorable v0.0.0-20170327083344-ded68f7a9561/go.mod h1:9vuHe8Xs5qXnSaW/c/ABM9alt+Vo+STaOChaDxuIBZU=
github.com/mattn/go-isatty v0.0.3/go.mod h1:M+lRXTBqGeGNdLjl/ufCoiOlB5xdOkqRJdNxMWT7Zi4=
github.com/mattn/go-sqlite3 v1.9.0 h1:pDRiWfl+++eC2FEFRy6jXmQlvp4Yh3z1MJKg4UeYM/4=
github.com/mattn/go-sqlite3 v1.9.0/go.mod h1:FPy6KqzDD04eiIsT53CuJW3U88zkxoIYsOqkbpncsNc=
github.com/peterh/liner v0.0.0-20170317030525-88609521dc4b/go.mod h1:xIteQHvHuaLYG9IFj6mSxM0fCKrs34IrEQUhOYuGPHc=
github.com/pmezard/go-difflib v1.0.0 h1:4DBwDE0NGyQoBHbLQYPwSUPoCMWR5BEzIk/f1lZbAQM=
github.com/pmezard/go-difflib v1.0.0/go.mod h1:iKH77koFhYxTK1pcRnkKkqfTogsbg7gZNVY4sRDYZ/4=
github.com/russross/blackfriday v1.5.2/go.mod h1:JO/DiYxRf+HjHt06OyowR9PTA263kcR/rfWxYHBV53g=
github.com/sirupsen/logrus v1.6.0 h1:UBcNElsrwanuuMsnGSlYmtmgbb23qDR5dG+6X6Oo89I=
github.com/sirupsen/logrus v1.6.0/go.mod h1:7uNnSEd1DgxDLC74fIahvMZmmYsHGZGEOFrfsX/uA88=
github.com/spf13/cobra v0.0.0-20170417170307-b6cb39589372/go.mod h1:1l0Ry5zgKvJasoi3XT1TypsSe7PqH0Sj9dhYf7v3XqQ=
github.com/spf13/pflag v0.0.0-20170417173400-9e4c21054fa1/go.mod h1:DYY7MBk1bdzusC3SYhjObp+wFpr4gzcvqqNjLnInEg4=
github.com/stretchr/objx v0.1.0/go.mod h1:HFkY916IF+rwdDfMAkV7OtwuqBVzrE8GR6GFx+wExME=
github.com/stretchr/testify v1.2.2/go.mod h1:a8OnRcib4nhh0OaRAV+Yts87kKdq0PP7pXfy6kDkUVs=
github.com/stretchr/testify v1.5.1 h1:nOGnQDM7FYENwehXlg/kFVnos3rEvtKTjRvOWSzb6H4=
github.com/stretchr/testify v1.5.1/go.mod h1:5W2xD1RspED5o8YsWQXVCued0rvSQ+mT+I5cxcmMvtA=
github.com/stretchr/testify v1.6.1 h1:hDPOHmpOpP40lSULcqw7IrRb/u7w6RpDC9399XyoNd0=
github.com/stretchr/testify v1.6.1/go.mod h1:6Fq8oRcR53rry900zMqJjRRixrwX3KX962/h/Wwjteg=
go.starlark.net v0.0.0-20190702223751-32f345186213/go.mod h1:c1/X6cHgvdXj6pUlmWKMkuqRnW4K8x2vwt6JAaaircg=
golang.org/x/arch v0.0.0-20190927153633-4e8777c89be4/go.mod h1:flIaEI6LNU6xOCD5PaJvn9wGP0agmIOqjrtsKGRguv4=
golang.org/x/crypto v0.0.0-20190308221718-c2843e01d9a2/go.mod h1:djNgcEr1/C05ACkg1iLfiJU5Ep61QUkGW8qpdssI0+w=
golang.org/x/crypto v0.0.0-20200429183012-4b2356b1ed79 h1:IaQbIIB2X/Mp/DKctl6ROxz1KyMlKp4uyvL6+kQ7C88=
golang.org/x/crypto v0.0.0-20200429183012-4b2356b1ed79/go.mod h1:LzIPMQfyMNhhGPhUkYOs5KpL4U8rLKemX1yGLhDgUto=
golang.org/x/net v0.0.0-20190404232315-eb5bcb51f2a3/go.mod h1:t9HGtf8HONx5eT2rtn7q6eTqICYqUVnKs3thJo3Qplg=
golang.org/x/net v0.0.0-20190603091049-60506f45cf65/go.mod h1:HSz+uSET+XFnRR8LxR5pz3Of3rY3CfYBVs4xY44aLks=
golang.org/x/net v0.0.0-20190620200207-3b0461eec859/go.mod h1:z5CRVTTTmAJ677TzLLGU+0bjPO0LkuOLi4/5GtJWs/s=
golang.org/x/sync v0.0.0-20190423024810-112230192c58/go.mod h1:RxMgew5VJxzue5/jJTE5uejpjVlOe/izrB70Jof72aM=
golang.org/x/sys v0.0.0-20190215142949-d0b11bdaac8a/go.mod h1:STP8DvDyc/dI5b8T5hshtkjS+E42TnysNCUPdjciGhY=
golang.org/x/sys v0.0.0-20190412213103-97732733099d/go.mod h1:h1NjWce9XRLGQEsW7wpKNCjG9DtNlClVuFLEZdDNbEs=
golang.org/x/sys v0.0.0-20190422165155-953cdadca894 h1:Cz4ceDQGXuKRnVBDTS23GTn/pU5OE2C0WrNTOYK1Uuc=
golang.org/x/sys v0.0.0-20190422165155-953cdadca894/go.mod h1:h1NjWce9XRLGQEsW7wpKNCjG9DtNlClVuFLEZdDNbEs=
golang.org/x/sys v0.0.0-20190626221950-04f50cda93cb h1:fgwFCsaw9buMuxNd6+DQfAuSFqbNiQZpcgJQAgJsK6k=
golang.org/x/sys v0.0.0-20190626221950-04f50cda93cb/go.mod h1:h1NjWce9XRLGQEsW7wpKNCjG9DtNlClVuFLEZdDNbEs=
golang.org/x/text v0.3.0/go.mod h1:NqM8EUOU14njkJ3fqMW+pc6Ldnwhi/IjpwHt7yyuwOQ=
golang.org/x/text v0.3.2/go.mod h1:bEr9sfX3Q8Zfm5fL9x+3itogRgK3+ptLWKqgva+5dAk=
golang.org/x/tools v0.0.0-20180917221912-90fa682c2a6e/go.mod h1:n7NCudcB/nEzxVGmLbDWY5pfWTLqBcC2KZ6jyYvM4mQ=
golang.org/x/tools v0.0.0-20191127201027-ecd32218bd7f/go.mod h1:b+2E5dAYhXwXZwtnZ6UAqBI28+e2cm9otk0dWdXHAEo=
golang.org/x/xerrors v0.0.0-20190717185122-a985d3407aa7/go.mod h1:I/5z698sn9Ka8TeJc9MKroUUfqBBauWjQqLJ2OPfmY0=
google.golang.org/appengine v1.6.6 h1:lMO5rYAqUxkmaj76jAkRUvt5JZgFymx/+Q5Mzfivuhc=
google.golang.org/appengine v1.6.6/go.mod h1:8WjMMxjGQR8xUklV/ARdw2HLXBOI7O7uCIDZVag1xfc=
gopkg.in/check.v1 v0.0.0-20161208181325-20d25e280405 h1:yhCVgyC4o1eVCa2tZl7eS0r+SDo693bJlVdllGtEeKM=
gopkg.in/check.v1 v0.0.0-20161208181325-20d25e280405/go.mod h1:Co6ibVJAznAaIkqp8huTwlJQCZ016jof/cbN4VW5Yz0=
gopkg.in/yaml.v2 v2.2.1/go.mod h1:hI93XBmqTisBFMUTm0b8Fm+jr3Dg1NNxqwp+5A1VGuI=
gopkg.in/yaml.v2 v2.2.2 h1:ZCJp+EgiOT7lHqUV2J862kp8Qj64Jo6az82+3Td9dZw=
gopkg.in/yaml.v2 v2.2.2/go.mod h1:hI93XBmqTisBFMUTm0b8Fm+jr3Dg1NNxqwp+5A1VGuI=
gopkg.in/yaml.v3 v3.0.0-20200313102051-9f266ea9e77c h1:dUUwHk2QECo/6vqA44rthZ8ie2QXMNeKRTHCNY2nXvo=
gopkg.in/yaml.v3 v3.0.0-20200313102051-9f266ea9e77c/go.mod h1:K4uyk7z7BCEPqu6E+C64Yfv1cQ7kz7rIZviUmN+EgEM=
rsc.io/pdf v0.1.1/go.mod h1:n8OzWcQ6Sp37PL01nO98y4iUCRdTGarVfzxY20ICaU4=
